# This file is autogenerated, do not edit; changes may be undone by the next 'dep ensure'.


[[projects]]
  branch = "master"
  name = "github.com/lxn/win"
  packages = ["."]
  revision = "7e1250ba2e7749fb9eb865da9ee93fb5a2fe73f1"

[[projects]]
  name = "gopkg.in/Knetic/govaluate.v3"
  packages = ["."]
  revision = "d216395917cc49052c7c7094cf57f09657ca08a8"
  version = "v3.0.0"

[solve-meta]
  analyzer-name = "dep"
  analyzer-version = 1
  inputs-digest = "35a1b5c626e30038f03ad9a15ab07cb71c8f2fd04145eeba8a7906fffc79c367"
  solver-name = "gps-cdcl"
  solver-version = 1
