# This file is autogenerated, do not edit; changes may be undone by the next 'dep ensure'.


[[projects]]
  branch = "master"
  name = "github.com/lxn/walk"
  packages = [
    ".",
    "declarative"
  ]
  revision = "02935bac0ab8448d5f9bf72ebeeb7ca0d5553f9b"

[[projects]]
  branch = "master"
  name = "github.com/lxn/win"
  packages = ["."]
  revision = "7e1250ba2e7749fb9eb865da9ee93fb5a2fe73f1"

[[projects]]
  name = "gopkg.in/Knetic/govaluate.v3"
  packages = ["."]
  revision = "d216395917cc49052c7c7094cf57f09657ca08a8"
  version = "v3.0.0"

[solve-meta]
  analyzer-name = "dep"
  analyzer-version = 1
  inputs-digest = "6b6b0996b8fadf80723ba9edf28e40b54bbb8dd92fa2f5168fd92fe6a084fff5"
  solver-name = "gps-cdcl"
  solver-version = 1
